
Microsoft Visual Studio Solution File, Format Version 12.00
# Visual Studio Version 16
VisualStudioVersion = 16.0.29215.179
MinimumVisualStudioVersion = 10.0.40219.1
Project("{FAE04EC0-301F-11D3-BF4B-00C04F79EFBC}") = "week-07", "week-07\week-07.csproj", "{AB816A21-484B-462D-B0E2-ECF18254B46C}"
EndProject
Global
	GlobalSection(SolutionConfigurationPlatforms) = preSolution
		Debug|Any CPU = Debug|Any CPU
		Release|Any CPU = Release|Any CPU
	EndGlobalSection
	GlobalSection(ProjectConfigurationPlatforms) = postSolution
		{AB816A21-484B-462D-B0E2-ECF18254B46C}.Debug|Any CPU.ActiveCfg = Debug|Any CPU
		{AB816A21-484B-462D-B0E2-ECF18254B46C}.Debug|Any CPU.Build.0 = Debug|Any CPU
		{AB816A21-484B-462D-B0E2-ECF18254B46C}.Release|Any CPU.ActiveCfg = Release|Any CPU
		{AB816A21-484B-462D-B0E2-ECF18254B46C}.Release|Any CPU.Build.0 = Release|Any CPU
	EndGlobalSection
	GlobalSection(SolutionProperties) = preSolution
		HideSolutionNode = FALSE
	EndGlobalSection
	GlobalSection(ExtensibilityGlobals) = postSolution
		SolutionGuid = {C33344F8-ADEB-466F-B5E6-25ED1FDE1BB7}
	EndGlobalSection
EndGlobal
